// !$*UTF8*$!
{
	archiveVersion = 1;
	classes = {
	};
	objectVersion = 56;
	objects = {

/* Begin PBXBuildFile section */
		1441A9082A8A624700A87254 /* AppDelegate.swift in Sources */ = {isa = PBXBuildFile; fileRef = 1441A9072A8A624700A87254 /* AppDelegate.swift */; };
		1441A90A2A8A624700A87254 /* SceneDelegate.swift in Sources */ = {isa = PBXBuildFile; fileRef = 1441A9092A8A624700A87254 /* SceneDelegate.swift */; };
		1441A90C2A8A624700A87254 /* ViewController.swift in Sources */ = {isa = PBXBuildFile; fileRef = 1441A90B2A8A624700A87254 /* ViewController.swift */; };
		1441A90F2A8A624700A87254 /* Main.storyboard in Resources */ = {isa = PBXBuildFile; fileRef = 1441A90D2A8A624700A87254 /* Main.storyboard */; };
		1441A9112A8A624900A87254 /* Assets.xcassets in Resources */ = {isa = PBXBuildFile; fileRef = 1441A9102A8A624900A87254 /* Assets.xcassets */; };
		1441A9142A8A624900A87254 /* LaunchScreen.storyboard in Resources */ = {isa = PBXBuildFile; fileRef = 1441A9122A8A624900A87254 /* LaunchScreen.storyboard */; };
		1441A91F2A8A624900A87254 /* ExTableviewTests.swift in Sources */ = {isa = PBXBuildFile; fileRef = 1441A91E2A8A624900A87254 /* ExTableviewTests.swift */; };
		1441A9292A8A624900A87254 /* ExTableviewUITests.swift in Sources */ = {isa = PBXBuildFile; fileRef = 1441A9282A8A624900A87254 /* ExTableviewUITests.swift */; };
		1441A92B2A8A624900A87254 /* ExTableviewUITestsLaunchTests.swift in Sources */ = {isa = PBXBuildFile; fileRef = 1441A92A2A8A624900A87254 /* ExTableviewUITestsLaunchTests.swift */; };
/* End PBXBuildFile section */

/* Begin PBXContainerItemProxy section */
		1441A91B2A8A624900A87254 /* PBXContainerItemProxy */ = {
			isa = PBXContainerItemProxy;
			containerPortal = 1441A8FC2A8A624700A87254 /* Project object */;
			proxyType = 1;
			remoteGlobalIDString = 1441A9032A8A624700A87254;
			remoteInfo = ExTableview;
		};
		1441A9252A8A624900A87254 /* PBXContainerItemProxy */ = {
			isa = PBXContainerItemProxy;
			containerPortal = 1441A8FC2A8A624700A87254 /* Project object */;
			proxyType = 1;
			remoteGlobalIDString = 1441A9032A8A624700A87254;
			remoteInfo = ExTableview;
		};
/* End PBXContainerItemProxy section */

/* Begin PBXFileReference section */
		1441A9042A8A624700A87254 /* ExTableview.app */ = {isa = PBXFileReference; explicitFileType = wrapper.application; includeInIndex = 0; path = ExTableview.app; sourceTree = BUILT_PRODUCTS_DIR; };
		1441A9072A8A624700A87254 /* AppDelegate.swift */ = {isa = PBXFileReference; lastKnownFileType = sourcecode.swift; path = AppDelegate.swift; sourceTree = "<group>"; };
		1441A9092A8A624700A87254 /* SceneDelegate.swift */ = {isa = PBXFileReference; lastKnownFileType = sourcecode.swift; path = SceneDelegate.swift; sourceTree = "<group>"; };
		1441A90B2A8A624700A87254 /* ViewController.swift */ = {isa = PBXFileReference; lastKnownFileType = sourcecode.swift; path = ViewController.swift; sourceTree = "<group>"; };
		1441A90E2A8A624700A87254 /* Base */ = {isa = PBXFileReference; lastKnownFileType = file.storyboard; name = Base; path = Base.lproj/Main.storyboard; sourceTree = "<group>"; };
		1441A9102A8A624900A87254 /* Assets.xcassets */ = {isa = PBXFileReference; lastKnownFileType = folder.assetcatalog; path = Assets.xcassets; sourceTree = "<group>"; };
		1441A9132A8A624900A87254 /* Base */ = {isa = PBXFileReference; lastKnownFileType = file.storyboard; name = Base; path = Base.lproj/LaunchScreen.storyboard; sourceTree = "<group>"; };
		1441A9152A8A624900A87254 /* Info.plist */ = {isa = PBXFileReference; lastKnownFileType = text.plist.xml; path = Info.plist; sourceTree = "<group>"; };
		1441A91A2A8A624900A87254 /* ExTableviewTests.xctest */ = {isa = PBXFileReference; explicitFileType = wrapper.cfbundle; includeInIndex = 0; path = ExTableviewTests.xctest; sourceTree = BUILT_PRODUCTS_DIR; };
		1441A91E2A8A624900A87254 /* ExTableviewTests.swift */ = {isa = PBXFileReference; lastKnownFileType = sourcecode.swift; path = ExTableviewTests.swift; sourceTree = "<group>"; };
		1441A9242A8A624900A87254 /* ExTableviewUITests.xctest */ = {isa = PBXFileReference; explicitFileType = wrapper.cfbundle; includeInIndex = 0; path = ExTableviewUITests.xctest; sourceTree = BUILT_PRODUCTS_DIR; };
		1441A9282A8A624900A87254 /* ExTableviewUITests.swift */ = {isa = PBXFileReference; lastKnownFileType = sourcecode.swift; path = ExTableviewUITests.swift; sourceTree = "<group>"; };
		1441A92A2A8A624900A87254 /* ExTableviewUITestsLaunchTests.swift */ = {isa = PBXFileReference; lastKnownFileType = sourcecode.swift; path = ExTableviewUITestsLaunchTests.swift; sourceTree = "<group>"; };
/* End PBXFileReference section */

/* Begin PBXFrameworksBuildPhase section */
		1441A9012A8A624700A87254 /* Frameworks */ = {
			isa = PBXFrameworksBuildPhase;
			buildActionMask = 2147483647;
			files = (
			);
			runOnlyForDeploymentPostprocessing = 0;
		};
		1441A9172A8A624900A87254 /* Frameworks */ = {
			isa = PBXFrameworksBuildPhase;
			buildActionMask = 2147483647;
			files = (
			);
			runOnlyForDeploymentPostprocessing = 0;
		};
		1441A9212A8A624900A87254 /* Frameworks */ = {
			isa = PBXFrameworksBuildPhase;
			buildActionMask = 2147483647;
			files = (
			);
			runOnlyForDeploymentPostprocessing = 0;
		};
/* End PBXFrameworksBuildPhase section */

/* Begin PBXGroup section */
		1441A8FB2A8A624700A87254 = {
			isa = PBXGroup;
			children = (
				1441A9062A8A624700A87254 /* ExTableview */,
				1441A91D2A8A624900A87254 /* ExTableviewTests */,
				1441A9272A8A624900A87254 /* ExTableviewUITests */,
				1441A9052A8A624700A87254 /* Products */,
			);
			sourceTree = "<group>";
		};
		1441A9052A8A624700A87254 /* Products */ = {
			isa = PBXGroup;
			children = (
				1441A9042A8A624700A87254 /* ExTableview.app */,
				1441A91A2A8A624900A87254 /* ExTableviewTests.xctest */,
				1441A9242A8A624900A87254 /* ExTableviewUITests.xctest */,
			);
			name = Products;
			sourceTree = "<group>";
		};
		1441A9062A8A624700A87254 /* ExTableview */ = {
			isa = PBXGroup;
			children = (
				1441A9072A8A624700A87254 /* AppDelegate.swift */,
				1441A9092A8A624700A87254 /* SceneDelegate.swift */,
				1441A90B2A8A624700A87254 /* ViewController.swift */,
				1441A90D2A8A624700A87254 /* Main.storyboard */,
				1441A9102A8A624900A87254 /* Assets.xcassets */,
				1441A9122A8A624900A87254 /* LaunchScreen.storyboard */,
				1441A9152A8A624900A87254 /* Info.plist */,
			);
			path = ExTableview;
			sourceTree = "<group>";
		};
		1441A91D2A8A624900A87254 /* ExTableviewTests */ = {
			isa = PBXGroup;
			children = (
				1441A91E2A8A624900A87254 /* ExTableviewTests.swift */,
			);
			path = ExTableviewTests;
			sourceTree = "<group>";
		};
		1441A9272A8A624900A87254 /* ExTableviewUITests */ = {
			isa = PBXGroup;
			children = (
				1441A9282A8A624900A87254 /* ExTableviewUITests.swift */,
				1441A92A2A8A624900A87254 /* ExTableviewUITestsLaunchTests.swift */,
			);
			path = ExTableviewUITests;
			sourceTree = "<group>";
		};
/* End PBXGroup section */

/* Begin PBXNativeTarget section */
		1441A9032A8A624700A87254 /* ExTableview */ = {
			isa = PBXNativeTarget;
			buildConfigurationList = 1441A92E2A8A624900A87254 /* Build configuration list for PBXNativeTarget "ExTableview" */;
			buildPhases = (
				1441A9002A8A624700A87254 /* Sources */,
				1441A9012A8A624700A87254 /* Frameworks */,
				1441A9022A8A624700A87254 /* Resources */,
			);
			buildRules = (
			);
			dependencies = (
			);
			name = ExTableview;
			productName = ExTableview;
			productReference = 1441A9042A8A624700A87254 /* ExTableview.app */;
			productType = "com.apple.product-type.application";
		};
		1441A9192A8A624900A87254 /* ExTableviewTests */ = {
			isa = PBXNativeTarget;
			buildConfigurationList = 1441A9312A8A624900A87254 /* Build configuration list for PBXNativeTarget "ExTableviewTests" */;
			buildPhases = (
				1441A9162A8A624900A87254 /* Sources */,
				1441A9172A8A624900A87254 /* Frameworks */,
				1441A9182A8A624900A87254 /* Resources */,
			);
			buildRules = (
			);
			dependencies = (
				1441A91C2A8A624900A87254 /* PBXTargetDependency */,
			);
			name = ExTableviewTests;
			productName = ExTableviewTests;
			productReference = 1441A91A2A8A624900A87254 /* ExTableviewTests.xctest */;
			productType = "com.apple.product-type.bundle.unit-test";
		};
		1441A9232A8A624900A87254 /* ExTableviewUITests */ = {
			isa = PBXNativeTarget;
			buildConfigurationList = 1441A9342A8A624900A87254 /* Build configuration list for PBXNativeTarget "ExTableviewUITests" */;
			buildPhases = (
				1441A9202A8A624900A87254 /* Sources */,
				1441A9212A8A624900A87254 /* Frameworks */,
				1441A9222A8A624900A87254 /* Resources */,
			);
			buildRules = (
			);
			dependencies = (
				1441A9262A8A624900A87254 /* PBXTargetDependency */,
			);
			name = ExTableviewUITests;
			productName = ExTableviewUITests;
			productReference = 1441A9242A8A624900A87254 /* ExTableviewUITests.xctest */;
			productType = "com.apple.product-type.bundle.ui-testing";
		};
/* End PBXNativeTarget section */

/* Begin PBXProject section */
		1441A8FC2A8A624700A87254 /* Project object */ = {
			isa = PBXProject;
			attributes = {
				BuildIndependentTargetsInParallel = 1;
				LastSwiftUpdateCheck = 1420;
				LastUpgradeCheck = 1420;
				TargetAttributes = {
					1441A9032A8A624700A87254 = {
						CreatedOnToolsVersion = 14.2;
					};
					1441A9192A8A624900A87254 = {
						CreatedOnToolsVersion = 14.2;
						TestTargetID = 1441A9032A8A624700A87254;
					};
					1441A9232A8A624900A87254 = {
						CreatedOnToolsVersion = 14.2;
						TestTargetID = 1441A9032A8A624700A87254;
					};
				};
			};
			buildConfigurationList = 1441A8FF2A8A624700A87254 /* Build configuration list for PBXProject "ExTableview" */;
			compatibilityVersion = "Xcode 14.0";
			developmentRegion = en;
			hasScannedForEncodings = 0;
			knownRegions = (
				en,
				Base,
			);
			mainGroup = 1441A8FB2A8A624700A87254;
			productRefGroup = 1441A9052A8A624700A87254 /* Products */;
			projectDirPath = "";
			projectRoot = "";
			targets = (
				1441A9032A8A624700A87254 /* ExTableview */,
				1441A9192A8A624900A87254 /* ExTableviewTests */,
				1441A9232A8A624900A87254 /* ExTableviewUITests */,
			);
		};
/* End PBXProject section */

/* Begin PBXResourcesBuildPhase section */
		1441A9022A8A624700A87254 /* Resources */ = {
			isa = PBXResourcesBuildPhase;
			buildActionMask = 2147483647;
			files = (
				1441A9142A8A624900A87254 /* LaunchScreen.storyboard in Resources */,
				1441A9112A8A624900A87254 /* Assets.xcassets in Resources */,
				1441A90F2A8A624700A87254 /* Main.storyboard in Resources */,
			);
			runOnlyForDeploymentPostprocessing = 0;
		};
		1441A9182A8A624900A87254 /* Resources */ = {
			isa = PBXResourcesBuildPhase;
			buildActionMask = 2147483647;
			files = (
			);
			runOnlyForDeploymentPostprocessing = 0;
		};
		1441A9222A8A624900A87254 /* Resources */ = {
			isa = PBXResourcesBuildPhase;
			buildActionMask = 2147483647;
			files = (
			);
			runOnlyForDeploymentPostprocessing = 0;
		};
/* End PBXResourcesBuildPhase section */

/* Begin PBXSourcesBuildPhase section */
		1441A9002A8A624700A87254 /* Sources */ = {
			isa = PBXSourcesBuildPhase;
			buildActionMask = 2147483647;
			files = (
				1441A90C2A8A624700A87254 /* ViewController.swift in Sources */,
				1441A9082A8A624700A87254 /* AppDelegate.swift in Sources */,
				1441A90A2A8A624700A87254 /* SceneDelegate.swift in Sources */,
			);
			runOnlyForDeploymentPostprocessing = 0;
		};
		1441A9162A8A624900A87254 /* Sources */ = {
			isa = PBXSourcesBuildPhase;
			buildActionMask = 2147483647;
			files = (
				1441A91F2A8A624900A87254 /* ExTableviewTests.swift in Sources */,
			);
			runOnlyForDeploymentPostprocessing = 0;
		};
		1441A9202A8A624900A87254 /* Sources */ = {
			isa = PBXSourcesBuildPhase;
			buildActionMask = 2147483647;
			files = (
				1441A9292A8A624900A87254 /* ExTableviewUITests.swift in Sources */,
				1441A92B2A8A624900A87254 /* ExTableviewUITestsLaunchTests.swift in Sources */,
			);
			runOnlyForDeploymentPostprocessing = 0;
		};
/* End PBXSourcesBuildPhase section */

/* Begin PBXTargetDependency section */
		1441A91C2A8A624900A87254 /* PBXTargetDependency */ = {
			isa = PBXTargetDependency;
			target = 1441A9032A8A624700A87254 /* ExTableview */;
			targetProxy = 1441A91B2A8A624900A87254 /* PBXContainerItemProxy */;
		};
		1441A9262A8A624900A87254 /* PBXTargetDependency */ = {
			isa = PBXTargetDependency;
			target = 1441A9032A8A624700A87254 /* ExTableview */;
			targetProxy = 1441A9252A8A624900A87254 /* PBXContainerItemProxy */;
		};
/* End PBXTargetDependency section */

/* Begin PBXVariantGroup section */
		1441A90D2A8A624700A87254 /* Main.storyboard */ = {
			isa = PBXVariantGroup;
			children = (
				1441A90E2A8A624700A87254 /* Base */,
			);
			name = Main.storyboard;
			sourceTree = "<group>";
		};
		1441A9122A8A624900A87254 /* LaunchScreen.storyboard */ = {
			isa = PBXVariantGroup;
			children = (
				1441A9132A8A624900A87254 /* Base */,
			);
			name = LaunchScreen.storyboard;
			sourceTree = "<group>";
		};
/* End PBXVariantGroup section */

/* Begin XCBuildConfiguration section */
		1441A92C2A8A624900A87254 /* Debug */ = {
			isa = XCBuildConfiguration;
			buildSettings = {
				ALWAYS_SEARCH_USER_PATHS = NO;
				CLANG_ANALYZER_NONNULL = YES;
				CLANG_ANALYZER_NUMBER_OBJECT_CONVERSION = YES_AGGRESSIVE;
				CLANG_CXX_LANGUAGE_STANDARD = "gnu++20";
				CLANG_ENABLE_MODULES = YES;
				CLANG_ENABLE_OBJC_ARC = YES;
				CLANG_ENABLE_OBJC_WEAK = YES;
				CLANG_WARN_BLOCK_CAPTURE_AUTORELEASING = YES;
				CLANG_WARN_BOOL_CONVERSION = YES;
				CLANG_WARN_COMMA = YES;
				CLANG_WARN_CONSTANT_CONVERSION = YES;
				CLANG_WARN_DEPRECATED_OBJC_IMPLEMENTATIONS = YES;
				CLANG_WARN_DIRECT_OBJC_ISA_USAGE = YES_ERROR;
				CLANG_WARN_DOCUMENTATION_COMMENTS = YES;
				CLANG_WARN_EMPTY_BODY = YES;
				CLANG_WARN_ENUM_CONVERSION = YES;
				CLANG_WARN_INFINITE_RECURSION = YES;
				CLANG_WARN_INT_CONVERSION = YES;
				CLANG_WARN_NON_LITERAL_NULL_CONVERSION = YES;
				CLANG_WARN_OBJC_IMPLICIT_RETAIN_SELF = YES;
				CLANG_WARN_OBJC_LITERAL_CONVERSION = YES;
				CLANG_WARN_OBJC_ROOT_CLASS = YES_ERROR;
				CLANG_WARN_QUOTED_INCLUDE_IN_FRAMEWORK_HEADER = YES;
				CLANG_WARN_RANGE_LOOP_ANALYSIS = YES;
				CLANG_WARN_STRICT_PROTOTYPES = YES;
				CLANG_WARN_SUSPICIOUS_MOVE = YES;
				CLANG_WARN_UNGUARDED_AVAILABILITY = YES_AGGRESSIVE;
				CLANG_WARN_UNREACHABLE_CODE = YES;
				CLANG_WARN__DUPLICATE_METHOD_MATCH = YES;
				COPY_PHASE_STRIP = NO;
				DEBUG_INFORMATION_FORMAT = dwarf;
				ENABLE_STRICT_OBJC_MSGSEND = YES;
				ENABLE_TESTABILITY = YES;
				GCC_C_LANGUAGE_STANDARD = gnu11;
				GCC_DYNAMIC_NO_PIC = NO;
				GCC_NO_COMMON_BLOCKS = YES;
				GCC_OPTIMIZATION_LEVEL = 0;
				GCC_PREPROCESSOR_DEFINITIONS = (
					"DEBUG=1",
					"$(inherited)",
				);
				GCC_WARN_64_TO_32_BIT_CONVERSION = YES;
				GCC_WARN_ABOUT_RETURN_TYPE = YES_ERROR;
				GCC_WARN_UNDECLARED_SELECTOR = YES;
				GCC_WARN_UNINITIALIZED_AUTOS = YES_AGGRESSIVE;
				GCC_WARN_UNUSED_FUNCTION = YES;
				GCC_WARN_UNUSED_VARIABLE = YES;
				IPHONEOS_DEPLOYMENT_TARGET = 16.2;
				MTL_ENABLE_DEBUG_INFO = INCLUDE_SOURCE;
				MTL_FAST_MATH = YES;
				ONLY_ACTIVE_ARCH = YES;
				SDKROOT = iphoneos;
				SWIFT_ACTIVE_COMPILATION_CONDITIONS = DEBUG;
				SWIFT_OPTIMIZATION_LEVEL = "-Onone";
			};
			name = Debug;
		};
		1441A92D2A8A624900A87254 /* Release */ = {
			isa = XCBuildConfiguration;
			buildSettings = {
				ALWAYS_SEARCH_USER_PATHS = NO;
				CLANG_ANALYZER_NONNULL = YES;
				CLANG_ANALYZER_NUMBER_OBJECT_CONVERSION = YES_AGGRESSIVE;
				CLANG_CXX_LANGUAGE_STANDARD = "gnu++20";
				CLANG_ENABLE_MODULES = YES;
				CLANG_ENABLE_OBJC_ARC = YES;
				CLANG_ENABLE_OBJC_WEAK = YES;
				CLANG_WARN_BLOCK_CAPTURE_AUTORELEASING = YES;
				CLANG_WARN_BOOL_CONVERSION = YES;
				CLANG_WARN_COMMA = YES;
				CLANG_WARN_CONSTANT_CONVERSION = YES;
				CLANG_WARN_DEPRECATED_OBJC_IMPLEMENTATIONS = YES;
				CLANG_WARN_DIRECT_OBJC_ISA_USAGE = YES_ERROR;
				CLANG_WARN_DOCUMENTATION_COMMENTS = YES;
				CLANG_WARN_EMPTY_BODY = YES;
				CLANG_WARN_ENUM_CONVERSION = YES;
				CLANG_WARN_INFINITE_RECURSION = YES;
				CLANG_WARN_INT_CONVERSION = YES;
				CLANG_WARN_NON_LITERAL_NULL_CONVERSION = YES;
				CLANG_WARN_OBJC_IMPLICIT_RETAIN_SELF = YES;
				CLANG_WARN_OBJC_LITERAL_CONVERSION = YES;
				CLANG_WARN_OBJC_ROOT_CLASS = YES_ERROR;
				CLANG_WARN_QUOTED_INCLUDE_IN_FRAMEWORK_HEADER = YES;
				CLANG_WARN_RANGE_LOOP_ANALYSIS = YES;
				CLANG_WARN_STRICT_PROTOTYPES = YES;
				CLANG_WARN_SUSPICIOUS_MOVE = YES;
				CLANG_WARN_UNGUARDED_AVAILABILITY = YES_AGGRESSIVE;
				CLANG_WARN_UNREACHABLE_CODE = YES;
				CLANG_WARN__DUPLICATE_METHOD_MATCH = YES;
				COPY_PHASE_STRIP = NO;
				DEBUG_INFORMATION_FORMAT = "dwarf-with-dsym";
				ENABLE_NS_ASSERTIONS = NO;
				ENABLE_STRICT_OBJC_MSGSEND = YES;
				GCC_C_LANGUAGE_STANDARD = gnu11;
				GCC_NO_COMMON_BLOCKS = YES;
				GCC_WARN_64_TO_32_BIT_CONVERSION = YES;
				GCC_WARN_ABOUT_RETURN_TYPE = YES_ERROR;
				GCC_WARN_UNDECLARED_SELECTOR = YES;
				GCC_WARN_UNINITIALIZED_AUTOS = YES_AGGRESSIVE;
				GCC_WARN_UNUSED_FUNCTION = YES;
				GCC_WARN_UNUSED_VARIABLE = YES;
				IPHONEOS_DEPLOYMENT_TARGET = 16.2;
				MTL_ENABLE_DEBUG_INFO = NO;
				MTL_FAST_MATH = YES;
				SDKROOT = iphoneos;
				SWIFT_COMPILATION_MODE = wholemodule;
				SWIFT_OPTIMIZATION_LEVEL = "-O";
				VALIDATE_PRODUCT = YES;
			};
			name = Release;
		};
		1441A92F2A8A624900A87254 /* Debug */ = {
			isa = XCBuildConfiguration;
			buildSettings = {
				ASSETCATALOG_COMPILER_APPICON_NAME = AppIcon;
				ASSETCATALOG_COMPILER_GLOBAL_ACCENT_COLOR_NAME = AccentColor;
				CODE_SIGN_STYLE = Automatic;
				CURRENT_PROJECT_VERSION = 1;
				DEVELOPMENT_TEAM = N864W465X2;
				GENERATE_INFOPLIST_FILE = YES;
				INFOPLIST_FILE = ExTableview/Info.plist;
				INFOPLIST_KEY_UIApplicationSupportsIndirectInputEvents = YES;
				INFOPLIST_KEY_UILaunchStoryboardName = LaunchScreen;
				INFOPLIST_KEY_UIMainStoryboardFile = Main;
				INFOPLIST_KEY_UISupportedInterfaceOrientations_iPad = "UIInterfaceOrientationPortrait UIInterfaceOrientationPortraitUpsideDown UIInterfaceOrientationLandscapeLeft UIInterfaceOrientationLandscapeRight";
				INFOPLIST_KEY_UISupportedInterfaceOrientations_iPhone = "UIInterfaceOrientationPortrait UIInterfaceOrientationLandscapeLeft UIInterfaceOrientationLandscapeRight";
				LD_RUNPATH_SEARCH_PATHS = (
					"$(inherited)",
					"@executable_path/Frameworks",
				);
				MARKETING_VERSION = 1.0;
				PRODUCT_BUNDLE_IDENTIFIER = com.Rlogixx.ExTableview;
				PRODUCT_NAME = "$(TARGET_NAME)";
				SWIFT_EMIT_LOC_STRINGS = YES;
				SWIFT_VERSION = 5.0;
				TARGETED_DEVICE_FAMILY = "1,2";
			};
			name = Debug;
		};
		1441A9302A8A624900A87254 /* Release */ = {
			isa = XCBuildConfiguration;
			buildSettings = {
				ASSETCATALOG_COMPILER_APPICON_NAME = AppIcon;
				ASSETCATALOG_COMPILER_GLOBAL_ACCENT_COLOR_NAME = AccentColor;
				CODE_SIGN_STYLE = Automatic;
				CURRENT_PROJECT_VERSION = 1;
				DEVELOPMENT_TEAM = N864W465X2;
				GENERATE_INFOPLIST_FILE = YES;
				INFOPLIST_FILE = ExTableview/Info.plist;
				INFOPLIST_KEY_UIApplicationSupportsIndirectInputEvents = YES;
				INFOPLIST_KEY_UILaunchStoryboardName = LaunchScreen;
				INFOPLIST_KEY_UIMainStoryboardFile = Main;
				INFOPLIST_KEY_UISupportedInterfaceOrientations_iPad = "UIInterfaceOrientationPortrait UIInterfaceOrientationPortraitUpsideDown UIInterfaceOrientationLandscapeLeft UIInterfaceOrientationLandscapeRight";
				INFOPLIST_KEY_UISupportedInterfaceOrientations_iPhone = "UIInterfaceOrientationPortrait UIInterfaceOrientationLandscapeLeft UIInterfaceOrientationLandscapeRight";
				LD_RUNPATH_SEARCH_PATHS = (
					"$(inherited)",
					"@executable_path/Frameworks",
				);
				MARKETING_VERSION = 1.0;
				PRODUCT_BUNDLE_IDENTIFIER = com.Rlogixx.ExTableview;
				PRODUCT_NAME = "$(TARGET_NAME)";
				SWIFT_EMIT_LOC_STRINGS = YES;
				SWIFT_VERSION = 5.0;
				TARGETED_DEVICE_FAMILY = "1,2";
			};
			name = Release;
		};
		1441A9322A8A624900A87254 /* Debug */ = {
			isa = XCBuildConfiguration;
			buildSettings = {
				ALWAYS_EMBED_SWIFT_STANDARD_LIBRARIES = YES;
				BUNDLE_LOADER = "$(TEST_HOST)";
				CODE_SIGN_STYLE = Automatic;
				CURRENT_PROJECT_VERSION = 1;
				DEVELOPMENT_TEAM = N864W465X2;
				GENERATE_INFOPLIST_FILE = YES;
				IPHONEOS_DEPLOYMENT_TARGET = 16.2;
				MARKETING_VERSION = 1.0;
				PRODUCT_BUNDLE_IDENTIFIER = com.Rlogixx.ExTableviewTests;
				PRODUCT_NAME = "$(TARGET_NAME)";
				SWIFT_EMIT_LOC_STRINGS = NO;
				SWIFT_VERSION = 5.0;
				TARGETED_DEVICE_FAMILY = "1,2";
				TEST_HOST = "$(BUILT_PRODUCTS_DIR)/ExTableview.app/$(BUNDLE_EXECUTABLE_FOLDER_PATH)/ExTableview";
			};
			name = Debug;
		};
		1441A9332A8A624900A87254 /* Release */ = {
			isa = XCBuildConfiguration;
			buildSettings = {
				ALWAYS_EMBED_SWIFT_STANDARD_LIBRARIES = YES;
				BUNDLE_LOADER = "$(TEST_HOST)";
				CODE_SIGN_STYLE = Automatic;
				CURRENT_PROJECT_VERSION = 1;
				DEVELOPMENT_TEAM = N864W465X2;
				GENERATE_INFOPLIST_FILE = YES;
				IPHONEOS_DEPLOYMENT_TARGET = 16.2;
				MARKETING_VERSION = 1.0;
				PRODUCT_BUNDLE_IDENTIFIER = com.Rlogixx.ExTableviewTests;
				PRODUCT_NAME = "$(TARGET_NAME)";
				SWIFT_EMIT_LOC_STRINGS = NO;
				SWIFT_VERSION = 5.0;
				TARGETED_DEVICE_FAMILY = "1,2";
				TEST_HOST = "$(BUILT_PRODUCTS_DIR)/ExTableview.app/$(BUNDLE_EXECUTABLE_FOLDER_PATH)/ExTableview";
			};
			name = Release;
		};
		1441A9352A8A624900A87254 /* Debug */ = {
			isa = XCBuildConfiguration;
			buildSettings = {
				ALWAYS_EMBED_SWIFT_STANDARD_LIBRARIES = YES;
				CODE_SIGN_STYLE = Automatic;
				CURRENT_PROJECT_VERSION = 1;
				DEVELOPMENT_TEAM = N864W465X2;
				GENERATE_INFOPLIST_FILE = YES;
				MARKETING_VERSION = 1.0;
				PRODUCT_BUNDLE_IDENTIFIER = com.Rlogixx.ExTableviewUITests;
				PRODUCT_NAME = "$(TARGET_NAME)";
				SWIFT_EMIT_LOC_STRINGS = NO;
				SWIFT_VERSION = 5.0;
				TARGETED_DEVICE_FAMILY = "1,2";
				TEST_TARGET_NAME = ExTableview;
			};
			name = Debug;
		};
		1441A9362A8A624900A87254 /* Release */ = {
			isa = XCBuildConfiguration;
			buildSettings = {
				ALWAYS_EMBED_SWIFT_STANDARD_LIBRARIES = YES;
				CODE_SIGN_STYLE = Automatic;
				CURRENT_PROJECT_VERSION = 1;
				DEVELOPMENT_TEAM = N864W465X2;
				GENERATE_INFOPLIST_FILE = YES;
				MARKETING_VERSION = 1.0;
				PRODUCT_BUNDLE_IDENTIFIER = com.Rlogixx.ExTableviewUITests;
				PRODUCT_NAME = "$(TARGET_NAME)";
				SWIFT_EMIT_LOC_STRINGS = NO;
				SWIFT_VERSION = 5.0;
				TARGETED_DEVICE_FAMILY = "1,2";
				TEST_TARGET_NAME = ExTableview;
			};
			name = Release;
		};
/* End XCBuildConfiguration section */

/* Begin XCConfigurationList section */
		1441A8FF2A8A624700A87254 /* Build configuration list for PBXProject "ExTableview" */ = {
			isa = XCConfigurationList;
			buildConfigurations = (
				1441A92C2A8A624900A87254 /* Debug */,
				1441A92D2A8A624900A87254 /* Release */,
			);
			defaultConfigurationIsVisible = 0;
			defaultConfigurationName = Release;
		};
		1441A92E2A8A624900A87254 /* Build configuration list for PBXNativeTarget "ExTableview" */ = {
			isa = XCConfigurationList;
			buildConfigurations = (
				1441A92F2A8A624900A87254 /* Debug */,
				1441A9302A8A624900A87254 /* Release */,
			);
			defaultConfigurationIsVisible = 0;
			defaultConfigurationName = Release;
		};
		1441A9312A8A624900A87254 /* Build configuration list for PBXNativeTarget "ExTableviewTests" */ = {
			isa = XCConfigurationList;
			buildConfigurations = (
				1441A9322A8A624900A87254 /* Debug */,
				1441A9332A8A624900A87254 /* Release */,
			);
			defaultConfigurationIsVisible = 0;
			defaultConfigurationName = Release;
		};
		1441A9342A8A624900A87254 /* Build configuration list for PBXNativeTarget "ExTableviewUITests" */ = {
			isa = XCConfigurationList;
			buildConfigurations = (
				1441A9352A8A624900A87254 /* Debug */,
				1441A9362A8A624900A87254 /* Release */,
			);
			defaultConfigurationIsVisible = 0;
			defaultConfigurationName = Release;
		};
/* End XCConfigurationList section */
	};
	rootObject = 1441A8FC2A8A624700A87254 /* Project object */;
}
